
Microsoft Visual Studio Solution File, Format Version 12.00
# Visual Studio 15
VisualStudioVersion = 15.0.28307.168
MinimumVisualStudioVersion = 10.0.40219.1
Project("{FAE04EC0-301F-11D3-BF4B-00C04F79EFBC}") = "ConsoleApp15", "ConsoleApp15\ConsoleApp15.csproj", "{38BFAD66-D24F-4E4A-B792-E1A0F396F7E7}"
EndProject
Global
	GlobalSection(SolutionConfigurationPlatforms) = preSolution
		Debug|Any CPU = Debug|Any CPU
		Release|Any CPU = Release|Any CPU
	EndGlobalSection
	GlobalSection(ProjectConfigurationPlatforms) = postSolution
		{38BFAD66-D24F-4E4A-B792-E1A0F396F7E7}.Debug|Any CPU.ActiveCfg = Debug|Any CPU
		{38BFAD66-D24F-4E4A-B792-E1A0F396F7E7}.Debug|Any CPU.Build.0 = Debug|Any CPU
		{38BFAD66-D24F-4E4A-B792-E1A0F396F7E7}.Release|Any CPU.ActiveCfg = Release|Any CPU
		{38BFAD66-D24F-4E4A-B792-E1A0F396F7E7}.Release|Any CPU.Build.0 = Release|Any CPU
	EndGlobalSection
	GlobalSection(SolutionProperties) = preSolution
		HideSolutionNode = FALSE
	EndGlobalSection
	GlobalSection(ExtensibilityGlobals) = postSolution
		SolutionGuid = {794634E2-B9C3-47DB-9AC8-729C5C037676}
	EndGlobalSection
EndGlobal
