
Microsoft Visual Studio Solution File, Format Version 12.00
# Visual Studio 15
VisualStudioVersion = 15.0.28307.421
MinimumVisualStudioVersion = 10.0.40219.1
Project("{9A19103F-16F7-4668-BE54-9A1E7A4F7556}") = "ClassLibraryForNetStandart", "ClassLibraryForNetStandart\ClassLibraryForNetStandart.csproj", "{13C3A42F-BAD7-481A-9538-5939E65A89A3}"
EndProject
Project("{9A19103F-16F7-4668-BE54-9A1E7A4F7556}") = "ConsoleAppNetCore", "ConsoleAppNetCore\ConsoleAppNetCore.csproj", "{0B4C01E0-C06F-4EA6-B58A-D070F7A801F9}"
EndProject
Project("{FAE04EC0-301F-11D3-BF4B-00C04F79EFBC}") = "ClassLibraryForNetCore", "ClassLibraryForNetCore\ClassLibraryForNetCore.csproj", "{E7118EC2-98ED-43CD-B683-BFF6282DE32E}"
EndProject
Global
	GlobalSection(SolutionConfigurationPlatforms) = preSolution
		Debug|Any CPU = Debug|Any CPU
		Release|Any CPU = Release|Any CPU
	EndGlobalSection
	GlobalSection(ProjectConfigurationPlatforms) = postSolution
		{13C3A42F-BAD7-481A-9538-5939E65A89A3}.Debug|Any CPU.ActiveCfg = Debug|Any CPU
		{13C3A42F-BAD7-481A-9538-5939E65A89A3}.Debug|Any CPU.Build.0 = Debug|Any CPU
		{13C3A42F-BAD7-481A-9538-5939E65A89A3}.Release|Any CPU.ActiveCfg = Release|Any CPU
		{13C3A42F-BAD7-481A-9538-5939E65A89A3}.Release|Any CPU.Build.0 = Release|Any CPU
		{0B4C01E0-C06F-4EA6-B58A-D070F7A801F9}.Debug|Any CPU.ActiveCfg = Debug|Any CPU
		{0B4C01E0-C06F-4EA6-B58A-D070F7A801F9}.Debug|Any CPU.Build.0 = Debug|Any CPU
		{0B4C01E0-C06F-4EA6-B58A-D070F7A801F9}.Release|Any CPU.ActiveCfg = Release|Any CPU
		{0B4C01E0-C06F-4EA6-B58A-D070F7A801F9}.Release|Any CPU.Build.0 = Release|Any CPU
		{E7118EC2-98ED-43CD-B683-BFF6282DE32E}.Debug|Any CPU.ActiveCfg = Debug|Any CPU
		{E7118EC2-98ED-43CD-B683-BFF6282DE32E}.Debug|Any CPU.Build.0 = Debug|Any CPU
		{E7118EC2-98ED-43CD-B683-BFF6282DE32E}.Release|Any CPU.ActiveCfg = Release|Any CPU
		{E7118EC2-98ED-43CD-B683-BFF6282DE32E}.Release|Any CPU.Build.0 = Release|Any CPU
	EndGlobalSection
	GlobalSection(SolutionProperties) = preSolution
		HideSolutionNode = FALSE
	EndGlobalSection
	GlobalSection(ExtensibilityGlobals) = postSolution
		SolutionGuid = {9106FBBF-CA0C-40B6-84EB-59291EAED3CF}
	EndGlobalSection
EndGlobal
