
Microsoft Visual Studio Solution File, Format Version 12.00
# Visual Studio 15
VisualStudioVersion = 15.0.28307.168
MinimumVisualStudioVersion = 10.0.40219.1
Project("{FAE04EC0-301F-11D3-BF4B-00C04F79EFBC}") = "ConsoleApp14", "ConsoleApp14\ConsoleApp14.csproj", "{A0F0A32E-49AC-4F3B-BEB4-68A1E65FF90E}"
EndProject
Global
	GlobalSection(SolutionConfigurationPlatforms) = preSolution
		Debug|Any CPU = Debug|Any CPU
		Release|Any CPU = Release|Any CPU
	EndGlobalSection
	GlobalSection(ProjectConfigurationPlatforms) = postSolution
		{A0F0A32E-49AC-4F3B-BEB4-68A1E65FF90E}.Debug|Any CPU.ActiveCfg = Debug|Any CPU
		{A0F0A32E-49AC-4F3B-BEB4-68A1E65FF90E}.Debug|Any CPU.Build.0 = Debug|Any CPU
		{A0F0A32E-49AC-4F3B-BEB4-68A1E65FF90E}.Release|Any CPU.ActiveCfg = Release|Any CPU
		{A0F0A32E-49AC-4F3B-BEB4-68A1E65FF90E}.Release|Any CPU.Build.0 = Release|Any CPU
	EndGlobalSection
	GlobalSection(SolutionProperties) = preSolution
		HideSolutionNode = FALSE
	EndGlobalSection
	GlobalSection(ExtensibilityGlobals) = postSolution
		SolutionGuid = {DB7979BD-FE84-45EB-96EC-9B888C9699D9}
	EndGlobalSection
EndGlobal
