
Microsoft Visual Studio Solution File, Format Version 12.00
# Visual Studio 15
VisualStudioVersion = 15.0.28307.168
MinimumVisualStudioVersion = 10.0.40219.1
Project("{FAE04EC0-301F-11D3-BF4B-00C04F79EFBC}") = "ConsoleApp21", "ConsoleApp21\ConsoleApp21.csproj", "{5A1A27D7-BC3F-4BA4-8DD8-49F945E4A28E}"
EndProject
Global
	GlobalSection(SolutionConfigurationPlatforms) = preSolution
		Debug|Any CPU = Debug|Any CPU
		Release|Any CPU = Release|Any CPU
	EndGlobalSection
	GlobalSection(ProjectConfigurationPlatforms) = postSolution
		{5A1A27D7-BC3F-4BA4-8DD8-49F945E4A28E}.Debug|Any CPU.ActiveCfg = Debug|Any CPU
		{5A1A27D7-BC3F-4BA4-8DD8-49F945E4A28E}.Debug|Any CPU.Build.0 = Debug|Any CPU
		{5A1A27D7-BC3F-4BA4-8DD8-49F945E4A28E}.Release|Any CPU.ActiveCfg = Release|Any CPU
		{5A1A27D7-BC3F-4BA4-8DD8-49F945E4A28E}.Release|Any CPU.Build.0 = Release|Any CPU
	EndGlobalSection
	GlobalSection(SolutionProperties) = preSolution
		HideSolutionNode = FALSE
	EndGlobalSection
	GlobalSection(ExtensibilityGlobals) = postSolution
		SolutionGuid = {D19E5F35-0672-4928-A744-10ED3ABF4747}
	EndGlobalSection
EndGlobal
