
Microsoft Visual Studio Solution File, Format Version 12.00
# Visual Studio 15
VisualStudioVersion = 15.0.28307.421
MinimumVisualStudioVersion = 10.0.40219.1
Project("{FAE04EC0-301F-11D3-BF4B-00C04F79EFBC}") = "Calculator.Operation", "Calculator.Operation\Calculator.Operation.csproj", "{3D63190E-5430-4F74-BFFF-311B07D40262}"
EndProject
Project("{FAE04EC0-301F-11D3-BF4B-00C04F79EFBC}") = "Calculator.Figure", "Calculator.Figure\Calculator.Figure.csproj", "{77385F30-8AD6-4B4B-93AF-5817E6CF4D65}"
EndProject
Project("{FAE04EC0-301F-11D3-BF4B-00C04F79EFBC}") = "NetCoreApp", "NetCoreApp\NetCoreApp.csproj", "{F6879F5F-5A99-4104-BF09-9D07090F515D}"
EndProject
Global
	GlobalSection(SolutionConfigurationPlatforms) = preSolution
		Debug|Any CPU = Debug|Any CPU
		Release|Any CPU = Release|Any CPU
	EndGlobalSection
	GlobalSection(ProjectConfigurationPlatforms) = postSolution
		{3D63190E-5430-4F74-BFFF-311B07D40262}.Debug|Any CPU.ActiveCfg = Debug|Any CPU
		{3D63190E-5430-4F74-BFFF-311B07D40262}.Debug|Any CPU.Build.0 = Debug|Any CPU
		{3D63190E-5430-4F74-BFFF-311B07D40262}.Release|Any CPU.ActiveCfg = Release|Any CPU
		{3D63190E-5430-4F74-BFFF-311B07D40262}.Release|Any CPU.Build.0 = Release|Any CPU
		{77385F30-8AD6-4B4B-93AF-5817E6CF4D65}.Debug|Any CPU.ActiveCfg = Debug|Any CPU
		{77385F30-8AD6-4B4B-93AF-5817E6CF4D65}.Debug|Any CPU.Build.0 = Debug|Any CPU
		{77385F30-8AD6-4B4B-93AF-5817E6CF4D65}.Release|Any CPU.ActiveCfg = Release|Any CPU
		{77385F30-8AD6-4B4B-93AF-5817E6CF4D65}.Release|Any CPU.Build.0 = Release|Any CPU
		{F6879F5F-5A99-4104-BF09-9D07090F515D}.Debug|Any CPU.ActiveCfg = Debug|Any CPU
		{F6879F5F-5A99-4104-BF09-9D07090F515D}.Debug|Any CPU.Build.0 = Debug|Any CPU
		{F6879F5F-5A99-4104-BF09-9D07090F515D}.Release|Any CPU.ActiveCfg = Release|Any CPU
		{F6879F5F-5A99-4104-BF09-9D07090F515D}.Release|Any CPU.Build.0 = Release|Any CPU
	EndGlobalSection
	GlobalSection(SolutionProperties) = preSolution
		HideSolutionNode = FALSE
	EndGlobalSection
	GlobalSection(ExtensibilityGlobals) = postSolution
		SolutionGuid = {A11246AF-4556-4507-9C4C-4FF451431258}
	EndGlobalSection
EndGlobal
