
Microsoft Visual Studio Solution File, Format Version 12.00
# Visual Studio 15
VisualStudioVersion = 15.0.28307.106
MinimumVisualStudioVersion = 10.0.40219.1
Project("{9A19103F-16F7-4668-BE54-9A1E7A4F7556}") = "Reminder.Domain", "Reminder.Domain\Reminder.Domain.csproj", "{B3D9A2DB-86BB-4E89-BF8B-A9368ED32B8A}"
EndProject
Project("{9A19103F-16F7-4668-BE54-9A1E7A4F7556}") = "Reminder.Domain.Tests", "Reminder.Domain.Tests\Reminder.Domain.Tests.csproj", "{FE7B91E1-44D4-4280-B4E0-1DB3288B75E4}"
EndProject
Project("{9A19103F-16F7-4668-BE54-9A1E7A4F7556}") = "Reminder.App", "Reminder.App\Reminder.App.csproj", "{CCCBC0B8-E29C-457F-876C-D8B01576CBBA}"
EndProject
Project("{9A19103F-16F7-4668-BE54-9A1E7A4F7556}") = "Reminder.Sender.Core", "Reminder.Sender.Core\Reminder.Sender.Core.csproj", "{21663218-51FC-49AF-BE3F-D95481E51B04}"
EndProject
Project("{9A19103F-16F7-4668-BE54-9A1E7A4F7556}") = "Reminder.Sender.Telegram", "Reminder.Sender.Telegram\Reminder.Sender.Telegram.csproj", "{FAEC2064-6850-4B60-BC89-9761FE36CCE6}"
EndProject
Project("{9A19103F-16F7-4668-BE54-9A1E7A4F7556}") = "Reminder.Receiver.Core", "Reminder.Receiver.Core\Reminder.Receiver.Core.csproj", "{5157CF29-DA5C-4875-8205-0C201AC2E971}"
EndProject
Project("{9A19103F-16F7-4668-BE54-9A1E7A4F7556}") = "Reminder.Receiver.Telegram", "Reminder.Receiver.Telegram\Reminder.Receiver.Telegram.csproj", "{A1C99D6D-6066-4D6D-B68F-C648D94D425F}"
EndProject
Project("{9A19103F-16F7-4668-BE54-9A1E7A4F7556}") = "Reminder.Receiver.Telegram.Tests", "Reminder.Receiver.Telegram.Tests\Reminder.Receiver.Telegram.Tests.csproj", "{F1F17670-5CC7-4E6E-A464-BB166B524AD3}"
EndProject
Project("{9A19103F-16F7-4668-BE54-9A1E7A4F7556}") = "Reminder.Parsing", "Reminder.Parsing\Reminder.Parsing.csproj", "{36E3AFA7-3858-4167-9AC5-09302C629839}"
EndProject
Project("{9A19103F-16F7-4668-BE54-9A1E7A4F7556}") = "Reminder.Parsing.Tests", "Reminder.Parsing.Tests\Reminder.Parsing.Tests.csproj", "{566A6ED6-A195-4D62-83C6-42ABDC4CCEE2}"
EndProject
Project("{9A19103F-16F7-4668-BE54-9A1E7A4F7556}") = "Reminder.Storage.Core", "..\Reminder.Storage\Reminder.Storage.Core\Reminder.Storage.Core.csproj", "{CC0191E1-68AA-47E1-B2BA-B3D027DC3B67}"
EndProject
Project("{9A19103F-16F7-4668-BE54-9A1E7A4F7556}") = "Reminder.Storage.WebApi.Core", "..\Reminder.Storage\Reminder.Storage.WebApi.Core\Reminder.Storage.WebApi.Core.csproj", "{93577705-161D-434D-BEA7-72A41B96381E}"
EndProject
Project("{9A19103F-16F7-4668-BE54-9A1E7A4F7556}") = "Reminder.Storage.WebApi.Client", "..\Reminder.Storage\Reminder.Storage.WebApi.Client\Reminder.Storage.WebApi.Client.csproj", "{869B72A0-477B-4DBC-8AA2-D0EB505E7FCD}"
EndProject
Project("{9A19103F-16F7-4668-BE54-9A1E7A4F7556}") = "Reminder.App1", "ConsoleApp1\Reminder.App1.csproj", "{AB7EFD38-A8E4-4C11-90EC-96D52DDE06F1}"
EndProject
Global
	GlobalSection(SolutionConfigurationPlatforms) = preSolution
		Debug|Any CPU = Debug|Any CPU
		Release|Any CPU = Release|Any CPU
	EndGlobalSection
	GlobalSection(ProjectConfigurationPlatforms) = postSolution
		{B3D9A2DB-86BB-4E89-BF8B-A9368ED32B8A}.Debug|Any CPU.ActiveCfg = Debug|Any CPU
		{B3D9A2DB-86BB-4E89-BF8B-A9368ED32B8A}.Debug|Any CPU.Build.0 = Debug|Any CPU
		{B3D9A2DB-86BB-4E89-BF8B-A9368ED32B8A}.Release|Any CPU.ActiveCfg = Release|Any CPU
		{B3D9A2DB-86BB-4E89-BF8B-A9368ED32B8A}.Release|Any CPU.Build.0 = Release|Any CPU
		{FE7B91E1-44D4-4280-B4E0-1DB3288B75E4}.Debug|Any CPU.ActiveCfg = Debug|Any CPU
		{FE7B91E1-44D4-4280-B4E0-1DB3288B75E4}.Debug|Any CPU.Build.0 = Debug|Any CPU
		{FE7B91E1-44D4-4280-B4E0-1DB3288B75E4}.Release|Any CPU.ActiveCfg = Release|Any CPU
		{FE7B91E1-44D4-4280-B4E0-1DB3288B75E4}.Release|Any CPU.Build.0 = Release|Any CPU
		{CCCBC0B8-E29C-457F-876C-D8B01576CBBA}.Debug|Any CPU.ActiveCfg = Debug|Any CPU
		{CCCBC0B8-E29C-457F-876C-D8B01576CBBA}.Debug|Any CPU.Build.0 = Debug|Any CPU
		{CCCBC0B8-E29C-457F-876C-D8B01576CBBA}.Release|Any CPU.ActiveCfg = Release|Any CPU
		{CCCBC0B8-E29C-457F-876C-D8B01576CBBA}.Release|Any CPU.Build.0 = Release|Any CPU
		{21663218-51FC-49AF-BE3F-D95481E51B04}.Debug|Any CPU.ActiveCfg = Debug|Any CPU
		{21663218-51FC-49AF-BE3F-D95481E51B04}.Debug|Any CPU.Build.0 = Debug|Any CPU
		{21663218-51FC-49AF-BE3F-D95481E51B04}.Release|Any CPU.ActiveCfg = Release|Any CPU
		{21663218-51FC-49AF-BE3F-D95481E51B04}.Release|Any CPU.Build.0 = Release|Any CPU
		{FAEC2064-6850-4B60-BC89-9761FE36CCE6}.Debug|Any CPU.ActiveCfg = Debug|Any CPU
		{FAEC2064-6850-4B60-BC89-9761FE36CCE6}.Debug|Any CPU.Build.0 = Debug|Any CPU
		{FAEC2064-6850-4B60-BC89-9761FE36CCE6}.Release|Any CPU.ActiveCfg = Release|Any CPU
		{FAEC2064-6850-4B60-BC89-9761FE36CCE6}.Release|Any CPU.Build.0 = Release|Any CPU
		{5157CF29-DA5C-4875-8205-0C201AC2E971}.Debug|Any CPU.ActiveCfg = Debug|Any CPU
		{5157CF29-DA5C-4875-8205-0C201AC2E971}.Debug|Any CPU.Build.0 = Debug|Any CPU
		{5157CF29-DA5C-4875-8205-0C201AC2E971}.Release|Any CPU.ActiveCfg = Release|Any CPU
		{5157CF29-DA5C-4875-8205-0C201AC2E971}.Release|Any CPU.Build.0 = Release|Any CPU
		{A1C99D6D-6066-4D6D-B68F-C648D94D425F}.Debug|Any CPU.ActiveCfg = Debug|Any CPU
		{A1C99D6D-6066-4D6D-B68F-C648D94D425F}.Debug|Any CPU.Build.0 = Debug|Any CPU
		{A1C99D6D-6066-4D6D-B68F-C648D94D425F}.Release|Any CPU.ActiveCfg = Release|Any CPU
		{A1C99D6D-6066-4D6D-B68F-C648D94D425F}.Release|Any CPU.Build.0 = Release|Any CPU
		{F1F17670-5CC7-4E6E-A464-BB166B524AD3}.Debug|Any CPU.ActiveCfg = Debug|Any CPU
		{F1F17670-5CC7-4E6E-A464-BB166B524AD3}.Debug|Any CPU.Build.0 = Debug|Any CPU
		{F1F17670-5CC7-4E6E-A464-BB166B524AD3}.Release|Any CPU.ActiveCfg = Release|Any CPU
		{F1F17670-5CC7-4E6E-A464-BB166B524AD3}.Release|Any CPU.Build.0 = Release|Any CPU
		{36E3AFA7-3858-4167-9AC5-09302C629839}.Debug|Any CPU.ActiveCfg = Debug|Any CPU
		{36E3AFA7-3858-4167-9AC5-09302C629839}.Debug|Any CPU.Build.0 = Debug|Any CPU
		{36E3AFA7-3858-4167-9AC5-09302C629839}.Release|Any CPU.ActiveCfg = Release|Any CPU
		{36E3AFA7-3858-4167-9AC5-09302C629839}.Release|Any CPU.Build.0 = Release|Any CPU
		{566A6ED6-A195-4D62-83C6-42ABDC4CCEE2}.Debug|Any CPU.ActiveCfg = Debug|Any CPU
		{566A6ED6-A195-4D62-83C6-42ABDC4CCEE2}.Debug|Any CPU.Build.0 = Debug|Any CPU
		{566A6ED6-A195-4D62-83C6-42ABDC4CCEE2}.Release|Any CPU.ActiveCfg = Release|Any CPU
		{566A6ED6-A195-4D62-83C6-42ABDC4CCEE2}.Release|Any CPU.Build.0 = Release|Any CPU
		{CC0191E1-68AA-47E1-B2BA-B3D027DC3B67}.Debug|Any CPU.ActiveCfg = Debug|Any CPU
		{CC0191E1-68AA-47E1-B2BA-B3D027DC3B67}.Debug|Any CPU.Build.0 = Debug|Any CPU
		{CC0191E1-68AA-47E1-B2BA-B3D027DC3B67}.Release|Any CPU.ActiveCfg = Release|Any CPU
		{CC0191E1-68AA-47E1-B2BA-B3D027DC3B67}.Release|Any CPU.Build.0 = Release|Any CPU
		{93577705-161D-434D-BEA7-72A41B96381E}.Debug|Any CPU.ActiveCfg = Debug|Any CPU
		{93577705-161D-434D-BEA7-72A41B96381E}.Debug|Any CPU.Build.0 = Debug|Any CPU
		{93577705-161D-434D-BEA7-72A41B96381E}.Release|Any CPU.ActiveCfg = Release|Any CPU
		{93577705-161D-434D-BEA7-72A41B96381E}.Release|Any CPU.Build.0 = Release|Any CPU
		{869B72A0-477B-4DBC-8AA2-D0EB505E7FCD}.Debug|Any CPU.ActiveCfg = Debug|Any CPU
		{869B72A0-477B-4DBC-8AA2-D0EB505E7FCD}.Debug|Any CPU.Build.0 = Debug|Any CPU
		{869B72A0-477B-4DBC-8AA2-D0EB505E7FCD}.Release|Any CPU.ActiveCfg = Release|Any CPU
		{869B72A0-477B-4DBC-8AA2-D0EB505E7FCD}.Release|Any CPU.Build.0 = Release|Any CPU
		{AB7EFD38-A8E4-4C11-90EC-96D52DDE06F1}.Debug|Any CPU.ActiveCfg = Debug|Any CPU
		{AB7EFD38-A8E4-4C11-90EC-96D52DDE06F1}.Debug|Any CPU.Build.0 = Debug|Any CPU
		{AB7EFD38-A8E4-4C11-90EC-96D52DDE06F1}.Release|Any CPU.ActiveCfg = Release|Any CPU
		{AB7EFD38-A8E4-4C11-90EC-96D52DDE06F1}.Release|Any CPU.Build.0 = Release|Any CPU
	EndGlobalSection
	GlobalSection(SolutionProperties) = preSolution
		HideSolutionNode = FALSE
	EndGlobalSection
	GlobalSection(ExtensibilityGlobals) = postSolution
		SolutionGuid = {0261AD6E-1FB7-44CE-8FCB-0A4FC7E0405E}
	EndGlobalSection
EndGlobal
