
Microsoft Visual Studio Solution File, Format Version 12.00
# Visual Studio 15
VisualStudioVersion = 15.0.28307.168
MinimumVisualStudioVersion = 10.0.40219.1
Project("{FAE04EC0-301F-11D3-BF4B-00C04F79EFBC}") = "ConsoleApp30", "ConsoleApp30\ConsoleApp30.csproj", "{00DEB003-BFDE-4AE0-B945-49C14251A396}"
EndProject
Global
	GlobalSection(SolutionConfigurationPlatforms) = preSolution
		Debug|Any CPU = Debug|Any CPU
		Release|Any CPU = Release|Any CPU
	EndGlobalSection
	GlobalSection(ProjectConfigurationPlatforms) = postSolution
		{00DEB003-BFDE-4AE0-B945-49C14251A396}.Debug|Any CPU.ActiveCfg = Debug|Any CPU
		{00DEB003-BFDE-4AE0-B945-49C14251A396}.Debug|Any CPU.Build.0 = Debug|Any CPU
		{00DEB003-BFDE-4AE0-B945-49C14251A396}.Release|Any CPU.ActiveCfg = Release|Any CPU
		{00DEB003-BFDE-4AE0-B945-49C14251A396}.Release|Any CPU.Build.0 = Release|Any CPU
	EndGlobalSection
	GlobalSection(SolutionProperties) = preSolution
		HideSolutionNode = FALSE
	EndGlobalSection
	GlobalSection(ExtensibilityGlobals) = postSolution
		SolutionGuid = {E33155B1-7757-44CA-9904-D211EECC720D}
	EndGlobalSection
EndGlobal
