
Microsoft Visual Studio Solution File, Format Version 12.00
# Visual Studio 15
VisualStudioVersion = 15.0.28307.421
MinimumVisualStudioVersion = 10.0.40219.1
Project("{FAE04EC0-301F-11D3-BF4B-00C04F79EFBC}") = "ConsoleApp3", "ConsoleApp3\ConsoleApp3.csproj", "{621A1313-74E8-4147-B36B-1B2F908F38FB}"
EndProject
Global
	GlobalSection(SolutionConfigurationPlatforms) = preSolution
		Debug|Any CPU = Debug|Any CPU
		Release|Any CPU = Release|Any CPU
	EndGlobalSection
	GlobalSection(ProjectConfigurationPlatforms) = postSolution
		{621A1313-74E8-4147-B36B-1B2F908F38FB}.Debug|Any CPU.ActiveCfg = Debug|Any CPU
		{621A1313-74E8-4147-B36B-1B2F908F38FB}.Debug|Any CPU.Build.0 = Debug|Any CPU
		{621A1313-74E8-4147-B36B-1B2F908F38FB}.Release|Any CPU.ActiveCfg = Release|Any CPU
		{621A1313-74E8-4147-B36B-1B2F908F38FB}.Release|Any CPU.Build.0 = Release|Any CPU
	EndGlobalSection
	GlobalSection(SolutionProperties) = preSolution
		HideSolutionNode = FALSE
	EndGlobalSection
	GlobalSection(ExtensibilityGlobals) = postSolution
		SolutionGuid = {11BD14C1-073C-40CD-BFA7-C79FAE949212}
	EndGlobalSection
EndGlobal
