
Microsoft Visual Studio Solution File, Format Version 12.00
# Visual Studio 15
VisualStudioVersion = 15.0.28307.421
MinimumVisualStudioVersion = 10.0.40219.1
Project("{FAE04EC0-301F-11D3-BF4B-00C04F79EFBC}") = "WebApplication1", "WebApplication1\WebApplication1.csproj", "{09A26DB8-D5F3-4803-B83B-A9DDDAF332CA}"
EndProject
Global
	GlobalSection(SolutionConfigurationPlatforms) = preSolution
		Debug|Any CPU = Debug|Any CPU
		Release|Any CPU = Release|Any CPU
	EndGlobalSection
	GlobalSection(ProjectConfigurationPlatforms) = postSolution
		{09A26DB8-D5F3-4803-B83B-A9DDDAF332CA}.Debug|Any CPU.ActiveCfg = Debug|Any CPU
		{09A26DB8-D5F3-4803-B83B-A9DDDAF332CA}.Debug|Any CPU.Build.0 = Debug|Any CPU
		{09A26DB8-D5F3-4803-B83B-A9DDDAF332CA}.Release|Any CPU.ActiveCfg = Release|Any CPU
		{09A26DB8-D5F3-4803-B83B-A9DDDAF332CA}.Release|Any CPU.Build.0 = Release|Any CPU
	EndGlobalSection
	GlobalSection(SolutionProperties) = preSolution
		HideSolutionNode = FALSE
	EndGlobalSection
	GlobalSection(ExtensibilityGlobals) = postSolution
		SolutionGuid = {3FFDC0CD-61FE-4DA4-B814-0BEEB5B1EFB8}
	EndGlobalSection
EndGlobal
